
Microsoft Visual Studio Solution File, Format Version 12.00
# Visual Studio Version 17
VisualStudioVersion = 17.10.35027.167
MinimumVisualStudioVersion = 10.0.40219.1
Project("{FAE04EC0-301F-11D3-BF4B-00C04F79EFBC}") = "CompetitionNunit", "CompetitionNunit\CompetitionNunit.csproj", "{972C04A0-BBFC-4F72-B42A-44B1FA89AD36}"
EndProject
Global
	GlobalSection(SolutionConfigurationPlatforms) = preSolution
		Debug|Any CPU = Debug|Any CPU
		Release|Any CPU = Release|Any CPU
	EndGlobalSection
	GlobalSection(ProjectConfigurationPlatforms) = postSolution
		{972C04A0-BBFC-4F72-B42A-44B1FA89AD36}.Debug|Any CPU.ActiveCfg = Debug|Any CPU
		{972C04A0-BBFC-4F72-B42A-44B1FA89AD36}.Debug|Any CPU.Build.0 = Debug|Any CPU
		{972C04A0-BBFC-4F72-B42A-44B1FA89AD36}.Release|Any CPU.ActiveCfg = Release|Any CPU
		{972C04A0-BBFC-4F72-B42A-44B1FA89AD36}.Release|Any CPU.Build.0 = Release|Any CPU
	EndGlobalSection
	GlobalSection(SolutionProperties) = preSolution
		HideSolutionNode = FALSE
	EndGlobalSection
	GlobalSection(ExtensibilityGlobals) = postSolution
		SolutionGuid = {9455F886-D80D-42C9-94E7-ABEB0024C77F}
	EndGlobalSection
EndGlobal
